
Microsoft Visual Studio Solution File, Format Version 12.00
# Visual Studio Version 17
VisualStudioVersion = 17.0.32002.185
MinimumVisualStudioVersion = 10.0.40219.1
Project("{9A19103F-16F7-4668-BE54-9A1E7A4F7556}") = "IdentityPasswordGenerator", "IdentityPasswordGenerator\IdentityPasswordGenerator.csproj", "{EBFD7C40-E3C7-4F55-B6DC-F18C392E2A63}"
EndProject
Project("{9A19103F-16F7-4668-BE54-9A1E7A4F7556}") = "IdentityPasswordGenerator.Tests", "IdentityPasswordGenerator.Tests\IdentityPasswordGenerator.Tests.csproj", "{60FBA1CC-6D93-4D31-97D2-2F512A576F23}"
EndProject
Project("{2150E333-8FDC-42A3-9474-1A3956D46DE8}") = "Solution Items", "Solution Items", "{F4694A56-9CDC-43F3-908A-709FC19E2CFC}"
	ProjectSection(SolutionItems) = preProject
		.editorconfig = .editorconfig
	EndProjectSection
EndProject
Global
	GlobalSection(SolutionConfigurationPlatforms) = preSolution
		Debug|Any CPU = Debug|Any CPU
		Release|Any CPU = Release|Any CPU
	EndGlobalSection
	GlobalSection(ProjectConfigurationPlatforms) = postSolution
		{EBFD7C40-E3C7-4F55-B6DC-F18C392E2A63}.Debug|Any CPU.ActiveCfg = Debug|Any CPU
		{EBFD7C40-E3C7-4F55-B6DC-F18C392E2A63}.Debug|Any CPU.Build.0 = Debug|Any CPU
		{EBFD7C40-E3C7-4F55-B6DC-F18C392E2A63}.Release|Any CPU.ActiveCfg = Release|Any CPU
		{EBFD7C40-E3C7-4F55-B6DC-F18C392E2A63}.Release|Any CPU.Build.0 = Release|Any CPU
		{60FBA1CC-6D93-4D31-97D2-2F512A576F23}.Debug|Any CPU.ActiveCfg = Debug|Any CPU
		{60FBA1CC-6D93-4D31-97D2-2F512A576F23}.Debug|Any CPU.Build.0 = Debug|Any CPU
		{60FBA1CC-6D93-4D31-97D2-2F512A576F23}.Release|Any CPU.ActiveCfg = Release|Any CPU
		{60FBA1CC-6D93-4D31-97D2-2F512A576F23}.Release|Any CPU.Build.0 = Release|Any CPU
	EndGlobalSection
	GlobalSection(SolutionProperties) = preSolution
		HideSolutionNode = FALSE
	EndGlobalSection
	GlobalSection(ExtensibilityGlobals) = postSolution
		SolutionGuid = {AD440F29-95CE-4F95-A426-14F1F3FDC476}
	EndGlobalSection
EndGlobal
